
Microsoft Visual Studio Solution File, Format Version 12.00
# Visual Studio Version 16
VisualStudioVersion = 16.0.30330.147
MinimumVisualStudioVersion = 10.0.40219.1
Project("{FAE04EC0-301F-11D3-BF4B-00C04F79EFBC}") = "Drop", "Drop\Drop.csproj", "{F2A8FABD-A6F6-4902-9738-BC48028D29D7}"
EndProject
Global
	GlobalSection(SolutionConfigurationPlatforms) = preSolution
		Debug|Any CPU = Debug|Any CPU
		Release|Any CPU = Release|Any CPU
	EndGlobalSection
	GlobalSection(ProjectConfigurationPlatforms) = postSolution
		{F2A8FABD-A6F6-4902-9738-BC48028D29D7}.Debug|Any CPU.ActiveCfg = Debug|Any CPU
		{F2A8FABD-A6F6-4902-9738-BC48028D29D7}.Debug|Any CPU.Build.0 = Debug|Any CPU
		{F2A8FABD-A6F6-4902-9738-BC48028D29D7}.Release|Any CPU.ActiveCfg = Release|Any CPU
		{F2A8FABD-A6F6-4902-9738-BC48028D29D7}.Release|Any CPU.Build.0 = Release|Any CPU
	EndGlobalSection
	GlobalSection(SolutionProperties) = preSolution
		HideSolutionNode = FALSE
	EndGlobalSection
	GlobalSection(ExtensibilityGlobals) = postSolution
		SolutionGuid = {DC14A09D-E84B-4317-85AF-A7B392F79E6D}
	EndGlobalSection
EndGlobal
